// !$*UTF8*$!
{
	archiveVersion = 1;
	classes = {
	};
	objectVersion = 50;
	objects = {

/* Begin PBXBuildFile section */
		EEA4FADA25681DCF0018D2E7 /* App_Store_AnimationApp.swift in Sources */ = {isa = PBXBuildFile; fileRef = EEA4FAD925681DCF0018D2E7 /* App_Store_AnimationApp.swift */; };
		EEA4FADC25681DCF0018D2E7 /* ContentView.swift in Sources */ = {isa = PBXBuildFile; fileRef = EEA4FADB25681DCF0018D2E7 /* ContentView.swift */; };
		EEA4FADE25681DD10018D2E7 /* Assets.xcassets in Resources */ = {isa = PBXBuildFile; fileRef = EEA4FADD25681DD10018D2E7 /* Assets.xcassets */; };
		EEA4FAE125681DD10018D2E7 /* Preview Assets.xcassets in Resources */ = {isa = PBXBuildFile; fileRef = EEA4FAE025681DD10018D2E7 /* Preview Assets.xcassets */; };
		EEA4FAED256828FC0018D2E7 /* TopButton.swift in Sources */ = {isa = PBXBuildFile; fileRef = EEA4FAEC256828FC0018D2E7 /* TopButton.swift */; };
		EEA4FAF125682BFF0018D2E7 /* Item.swift in Sources */ = {isa = PBXBuildFile; fileRef = EEA4FAF025682BFF0018D2E7 /* Item.swift */; };
		EEA4FAF625682CB60018D2E7 /* Data.swift in Sources */ = {isa = PBXBuildFile; fileRef = EEA4FAF525682CB60018D2E7 /* Data.swift */; };
		EEA4FAFA25682FF50018D2E7 /* CardView.swift in Sources */ = {isa = PBXBuildFile; fileRef = EEA4FAF925682FF50018D2E7 /* CardView.swift */; };
		EEA4FAFD256838850018D2E7 /* DetailView.swift in Sources */ = {isa = PBXBuildFile; fileRef = EEA4FAFC256838850018D2E7 /* DetailView.swift */; };
		EEA4FB0125683F910018D2E7 /* DetailViewModel.swift in Sources */ = {isa = PBXBuildFile; fileRef = EEA4FB0025683F910018D2E7 /* DetailViewModel.swift */; };
/* End PBXBuildFile section */

/* Begin PBXFileReference section */
		EEA4FAD625681DCF0018D2E7 /* App Store Animation.app */ = {isa = PBXFileReference; explicitFileType = wrapper.application; includeInIndex = 0; path = "App Store Animation.app"; sourceTree = BUILT_PRODUCTS_DIR; };
		EEA4FAD925681DCF0018D2E7 /* App_Store_AnimationApp.swift */ = {isa = PBXFileReference; lastKnownFileType = sourcecode.swift; path = App_Store_AnimationApp.swift; sourceTree = "<group>"; };
		EEA4FADB25681DCF0018D2E7 /* ContentView.swift */ = {isa = PBXFileReference; lastKnownFileType = sourcecode.swift; path = ContentView.swift; sourceTree = "<group>"; };
		EEA4FADD25681DD10018D2E7 /* Assets.xcassets */ = {isa = PBXFileReference; lastKnownFileType = folder.assetcatalog; path = Assets.xcassets; sourceTree = "<group>"; };
		EEA4FAE025681DD10018D2E7 /* Preview Assets.xcassets */ = {isa = PBXFileReference; lastKnownFileType = folder.assetcatalog; path = "Preview Assets.xcassets"; sourceTree = "<group>"; };
		EEA4FAE225681DD10018D2E7 /* Info.plist */ = {isa = PBXFileReference; lastKnownFileType = text.plist.xml; path = Info.plist; sourceTree = "<group>"; };
		EEA4FAEC256828FC0018D2E7 /* TopButton.swift */ = {isa = PBXFileReference; lastKnownFileType = sourcecode.swift; path = TopButton.swift; sourceTree = "<group>"; };
		EEA4FAF025682BFF0018D2E7 /* Item.swift */ = {isa = PBXFileReference; lastKnownFileType = sourcecode.swift; path = Item.swift; sourceTree = "<group>"; };
		EEA4FAF525682CB60018D2E7 /* Data.swift */ = {isa = PBXFileReference; lastKnownFileType = sourcecode.swift; path = Data.swift; sourceTree = "<group>"; };
		EEA4FAF925682FF50018D2E7 /* CardView.swift */ = {isa = PBXFileReference; lastKnownFileType = sourcecode.swift; path = CardView.swift; sourceTree = "<group>"; };
		EEA4FAFC256838850018D2E7 /* DetailView.swift */ = {isa = PBXFileReference; lastKnownFileType = sourcecode.swift; path = DetailView.swift; sourceTree = "<group>"; };
		EEA4FB0025683F910018D2E7 /* DetailViewModel.swift */ = {isa = PBXFileReference; lastKnownFileType = sourcecode.swift; path = DetailViewModel.swift; sourceTree = "<group>"; };
/* End PBXFileReference section */

/* Begin PBXFrameworksBuildPhase section */
		EEA4FAD325681DCF0018D2E7 /* Frameworks */ = {
			isa = PBXFrameworksBuildPhase;
			buildActionMask = 2147483647;
			files = (
			);
			runOnlyForDeploymentPostprocessing = 0;
		};
/* End PBXFrameworksBuildPhase section */

/* Begin PBXGroup section */
		EEA4FACD25681DCF0018D2E7 = {
			isa = PBXGroup;
			children = (
				EEA4FAD825681DCF0018D2E7 /* App Store Animation */,
				EEA4FAD725681DCF0018D2E7 /* Products */,
			);
			sourceTree = "<group>";
		};
		EEA4FAD725681DCF0018D2E7 /* Products */ = {
			isa = PBXGroup;
			children = (
				EEA4FAD625681DCF0018D2E7 /* App Store Animation.app */,
			);
			name = Products;
			sourceTree = "<group>";
		};
		EEA4FAD825681DCF0018D2E7 /* App Store Animation */ = {
			isa = PBXGroup;
			children = (
				EEA4FAF425682CAC0018D2E7 /* Data */,
				EEA4FAEF25682BD70018D2E7 /* Model */,
				EEA4FAFF25683F600018D2E7 /* ViewModel */,
				EEA4FAEA256822CD0018D2E7 /* View */,
				EEA4FAE9256822C20018D2E7 /* App */,
				EEA4FADD25681DD10018D2E7 /* Assets.xcassets */,
				EEA4FAE225681DD10018D2E7 /* Info.plist */,
				EEA4FADF25681DD10018D2E7 /* Preview Content */,
			);
			path = "App Store Animation";
			sourceTree = "<group>";
		};
		EEA4FADF25681DD10018D2E7 /* Preview Content */ = {
			isa = PBXGroup;
			children = (
				EEA4FAE025681DD10018D2E7 /* Preview Assets.xcassets */,
			);
			path = "Preview Content";
			sourceTree = "<group>";
		};
		EEA4FAE9256822C20018D2E7 /* App */ = {
			isa = PBXGroup;
			children = (
				EEA4FAD925681DCF0018D2E7 /* App_Store_AnimationApp.swift */,
				EEA4FADB25681DCF0018D2E7 /* ContentView.swift */,
				EEA4FAFC256838850018D2E7 /* DetailView.swift */,
			);
			path = App;
			sourceTree = "<group>";
		};
		EEA4FAEA256822CD0018D2E7 /* View */ = {
			isa = PBXGroup;
			children = (
				EEA4FAEC256828FC0018D2E7 /* TopButton.swift */,
				EEA4FAF925682FF50018D2E7 /* CardView.swift */,
			);
			path = View;
			sourceTree = "<group>";
		};
		EEA4FAEF25682BD70018D2E7 /* Model */ = {
			isa = PBXGroup;
			children = (
				EEA4FAF025682BFF0018D2E7 /* Item.swift */,
			);
			path = Model;
			sourceTree = "<group>";
		};
		EEA4FAF425682CAC0018D2E7 /* Data */ = {
			isa = PBXGroup;
			children = (
				EEA4FAF525682CB60018D2E7 /* Data.swift */,
			);
			path = Data;
			sourceTree = "<group>";
		};
		EEA4FAFF25683F600018D2E7 /* ViewModel */ = {
			isa = PBXGroup;
			children = (
				EEA4FB0025683F910018D2E7 /* DetailViewModel.swift */,
			);
			path = ViewModel;
			sourceTree = "<group>";
		};
/* End PBXGroup section */

/* Begin PBXNativeTarget section */
		EEA4FAD525681DCF0018D2E7 /* App Store Animation */ = {
			isa = PBXNativeTarget;
			buildConfigurationList = EEA4FAE525681DD10018D2E7 /* Build configuration list for PBXNativeTarget "App Store Animation" */;
			buildPhases = (
				EEA4FAD225681DCF0018D2E7 /* Sources */,
				EEA4FAD325681DCF0018D2E7 /* Frameworks */,
				EEA4FAD425681DCF0018D2E7 /* Resources */,
			);
			buildRules = (
			);
			dependencies = (
			);
			name = "App Store Animation";
			productName = "App Store Animation";
			productReference = EEA4FAD625681DCF0018D2E7 /* App Store Animation.app */;
			productType = "com.apple.product-type.application";
		};
/* End PBXNativeTarget section */

/* Begin PBXProject section */
		EEA4FACE25681DCF0018D2E7 /* Project object */ = {
			isa = PBXProject;
			attributes = {
				LastSwiftUpdateCheck = 1220;
				LastUpgradeCheck = 1220;
				TargetAttributes = {
					EEA4FAD525681DCF0018D2E7 = {
						CreatedOnToolsVersion = 12.2;
					};
				};
			};
			buildConfigurationList = EEA4FAD125681DCF0018D2E7 /* Build configuration list for PBXProject "App Store Animation" */;
			compatibilityVersion = "Xcode 9.3";
			developmentRegion = en;
			hasScannedForEncodings = 0;
			knownRegions = (
				en,
				Base,
			);
			mainGroup = EEA4FACD25681DCF0018D2E7;
			productRefGroup = EEA4FAD725681DCF0018D2E7 /* Products */;
			projectDirPath = "";
			projectRoot = "";
			targets = (
				EEA4FAD525681DCF0018D2E7 /* App Store Animation */,
			);
		};
/* End PBXProject section */

/* Begin PBXResourcesBuildPhase section */
		EEA4FAD425681DCF0018D2E7 /* Resources */ = {
			isa = PBXResourcesBuildPhase;
			buildActionMask = 2147483647;
			files = (
				EEA4FAE125681DD10018D2E7 /* Preview Assets.xcassets in Resources */,
				EEA4FADE25681DD10018D2E7 /* Assets.xcassets in Resources */,
			);
			runOnlyForDeploymentPostprocessing = 0;
		};
/* End PBXResourcesBuildPhase section */

/* Begin PBXSourcesBuildPhase section */
		EEA4FAD225681DCF0018D2E7 /* Sources */ = {
			isa = PBXSourcesBuildPhase;
			buildActionMask = 2147483647;
			files = (
				EEA4FAF125682BFF0018D2E7 /* Item.swift in Sources */,
				EEA4FAF625682CB60018D2E7 /* Data.swift in Sources */,
				EEA4FADC25681DCF0018D2E7 /* ContentView.swift in Sources */,
				EEA4FAFD256838850018D2E7 /* DetailView.swift in Sources */,
				EEA4FADA25681DCF0018D2E7 /* App_Store_AnimationApp.swift in Sources */,
				EEA4FAFA25682FF50018D2E7 /* CardView.swift in Sources */,
				EEA4FAED256828FC0018D2E7 /* TopButton.swift in Sources */,
				EEA4FB0125683F910018D2E7 /* DetailViewModel.swift in Sources */,
			);
			runOnlyForDeploymentPostprocessing = 0;
		};
/* End PBXSourcesBuildPhase section */

/* Begin XCBuildConfiguration section */
		EEA4FAE325681DD10018D2E7 /* Debug */ = {
			isa = XCBuildConfiguration;
			buildSettings = {
				ALWAYS_SEARCH_USER_PATHS = NO;
				CLANG_ANALYZER_NONNULL = YES;
				CLANG_ANALYZER_NUMBER_OBJECT_CONVERSION = YES_AGGRESSIVE;
				CLANG_CXX_LANGUAGE_STANDARD = "gnu++14";
				CLANG_CXX_LIBRARY = "libc++";
				CLANG_ENABLE_MODULES = YES;
				CLANG_ENABLE_OBJC_ARC = YES;
				CLANG_ENABLE_OBJC_WEAK = YES;
				CLANG_WARN_BLOCK_CAPTURE_AUTORELEASING = YES;
				CLANG_WARN_BOOL_CONVERSION = YES;
				CLANG_WARN_COMMA = YES;
				CLANG_WARN_CONSTANT_CONVERSION = YES;
				CLANG_WARN_DEPRECATED_OBJC_IMPLEMENTATIONS = YES;
				CLANG_WARN_DIRECT_OBJC_ISA_USAGE = YES_ERROR;
				CLANG_WARN_DOCUMENTATION_COMMENTS = YES;
				CLANG_WARN_EMPTY_BODY = YES;
				CLANG_WARN_ENUM_CONVERSION = YES;
				CLANG_WARN_INFINITE_RECURSION = YES;
				CLANG_WARN_INT_CONVERSION = YES;
				CLANG_WARN_NON_LITERAL_NULL_CONVERSION = YES;
				CLANG_WARN_OBJC_IMPLICIT_RETAIN_SELF = YES;
				CLANG_WARN_OBJC_LITERAL_CONVERSION = YES;
				CLANG_WARN_OBJC_ROOT_CLASS = YES_ERROR;
				CLANG_WARN_QUOTED_INCLUDE_IN_FRAMEWORK_HEADER = YES;
				CLANG_WARN_RANGE_LOOP_ANALYSIS = YES;
				CLANG_WARN_STRICT_PROTOTYPES = YES;
				CLANG_WARN_SUSPICIOUS_MOVE = YES;
				CLANG_WARN_UNGUARDED_AVAILABILITY = YES_AGGRESSIVE;
				CLANG_WARN_UNREACHABLE_CODE = YES;
				CLANG_WARN__DUPLICATE_METHOD_MATCH = YES;
				COPY_PHASE_STRIP = NO;
				DEBUG_INFORMATION_FORMAT = dwarf;
				ENABLE_STRICT_OBJC_MSGSEND = YES;
				ENABLE_TESTABILITY = YES;
				GCC_C_LANGUAGE_STANDARD = gnu11;
				GCC_DYNAMIC_NO_PIC = NO;
				GCC_NO_COMMON_BLOCKS = YES;
				GCC_OPTIMIZATION_LEVEL = 0;
				GCC_PREPROCESSOR_DEFINITIONS = (
					"DEBUG=1",
					"$(inherited)",
				);
				GCC_WARN_64_TO_32_BIT_CONVERSION = YES;
				GCC_WARN_ABOUT_RETURN_TYPE = YES_ERROR;
				GCC_WARN_UNDECLARED_SELECTOR = YES;
				GCC_WARN_UNINITIALIZED_AUTOS = YES_AGGRESSIVE;
				GCC_WARN_UNUSED_FUNCTION = YES;
				GCC_WARN_UNUSED_VARIABLE = YES;
				IPHONEOS_DEPLOYMENT_TARGET = 14.2;
				MTL_ENABLE_DEBUG_INFO = INCLUDE_SOURCE;
				MTL_FAST_MATH = YES;
				ONLY_ACTIVE_ARCH = YES;
				SDKROOT = iphoneos;
				SWIFT_ACTIVE_COMPILATION_CONDITIONS = DEBUG;
				SWIFT_OPTIMIZATION_LEVEL = "-Onone";
			};
			name = Debug;
		};
		EEA4FAE425681DD10018D2E7 /* Release */ = {
			isa = XCBuildConfiguration;
			buildSettings = {
				ALWAYS_SEARCH_USER_PATHS = NO;
				CLANG_ANALYZER_NONNULL = YES;
				CLANG_ANALYZER_NUMBER_OBJECT_CONVERSION = YES_AGGRESSIVE;
				CLANG_CXX_LANGUAGE_STANDARD = "gnu++14";
				CLANG_CXX_LIBRARY = "libc++";
				CLANG_ENABLE_MODULES = YES;
				CLANG_ENABLE_OBJC_ARC = YES;
				CLANG_ENABLE_OBJC_WEAK = YES;
				CLANG_WARN_BLOCK_CAPTURE_AUTORELEASING = YES;
				CLANG_WARN_BOOL_CONVERSION = YES;
				CLANG_WARN_COMMA = YES;
				CLANG_WARN_CONSTANT_CONVERSION = YES;
				CLANG_WARN_DEPRECATED_OBJC_IMPLEMENTATIONS = YES;
				CLANG_WARN_DIRECT_OBJC_ISA_USAGE = YES_ERROR;
				CLANG_WARN_DOCUMENTATION_COMMENTS = YES;
				CLANG_WARN_EMPTY_BODY = YES;
				CLANG_WARN_ENUM_CONVERSION = YES;
				CLANG_WARN_INFINITE_RECURSION = YES;
				CLANG_WARN_INT_CONVERSION = YES;
				CLANG_WARN_NON_LITERAL_NULL_CONVERSION = YES;
				CLANG_WARN_OBJC_IMPLICIT_RETAIN_SELF = YES;
				CLANG_WARN_OBJC_LITERAL_CONVERSION = YES;
				CLANG_WARN_OBJC_ROOT_CLASS = YES_ERROR;
				CLANG_WARN_QUOTED_INCLUDE_IN_FRAMEWORK_HEADER = YES;
				CLANG_WARN_RANGE_LOOP_ANALYSIS = YES;
				CLANG_WARN_STRICT_PROTOTYPES = YES;
				CLANG_WARN_SUSPICIOUS_MOVE = YES;
				CLANG_WARN_UNGUARDED_AVAILABILITY = YES_AGGRESSIVE;
				CLANG_WARN_UNREACHABLE_CODE = YES;
				CLANG_WARN__DUPLICATE_METHOD_MATCH = YES;
				COPY_PHASE_STRIP = NO;
				DEBUG_INFORMATION_FORMAT = "dwarf-with-dsym";
				ENABLE_NS_ASSERTIONS = NO;
				ENABLE_STRICT_OBJC_MSGSEND = YES;
				GCC_C_LANGUAGE_STANDARD = gnu11;
				GCC_NO_COMMON_BLOCKS = YES;
				GCC_WARN_64_TO_32_BIT_CONVERSION = YES;
				GCC_WARN_ABOUT_RETURN_TYPE = YES_ERROR;
				GCC_WARN_UNDECLARED_SELECTOR = YES;
				GCC_WARN_UNINITIALIZED_AUTOS = YES_AGGRESSIVE;
				GCC_WARN_UNUSED_FUNCTION = YES;
				GCC_WARN_UNUSED_VARIABLE = YES;
				IPHONEOS_DEPLOYMENT_TARGET = 14.2;
				MTL_ENABLE_DEBUG_INFO = NO;
				MTL_FAST_MATH = YES;
				SDKROOT = iphoneos;
				SWIFT_COMPILATION_MODE = wholemodule;
				SWIFT_OPTIMIZATION_LEVEL = "-O";
				VALIDATE_PRODUCT = YES;
			};
			name = Release;
		};
		EEA4FAE625681DD10018D2E7 /* Debug */ = {
			isa = XCBuildConfiguration;
			buildSettings = {
				ASSETCATALOG_COMPILER_APPICON_NAME = AppIcon;
				ASSETCATALOG_COMPILER_GLOBAL_ACCENT_COLOR_NAME = AccentColor;
				CODE_SIGN_STYLE = Automatic;
				DEVELOPMENT_ASSET_PATHS = "\"App Store Animation/Preview Content\"";
				ENABLE_PREVIEWS = YES;
				INFOPLIST_FILE = "App Store Animation/Info.plist";
				IPHONEOS_DEPLOYMENT_TARGET = 14.0;
				LD_RUNPATH_SEARCH_PATHS = (
					"$(inherited)",
					"@executable_path/Frameworks",
				);
				PRODUCT_BUNDLE_IDENTIFIER = "com.tefusakipuita.App-Store-Animation";
				PRODUCT_NAME = "$(TARGET_NAME)";
				SWIFT_VERSION = 5.0;
				TARGETED_DEVICE_FAMILY = "1,2";
			};
			name = Debug;
		};
		EEA4FAE725681DD10018D2E7 /* Release */ = {
			isa = XCBuildConfiguration;
			buildSettings = {
				ASSETCATALOG_COMPILER_APPICON_NAME = AppIcon;
				ASSETCATALOG_COMPILER_GLOBAL_ACCENT_COLOR_NAME = AccentColor;
				CODE_SIGN_STYLE = Automatic;
				DEVELOPMENT_ASSET_PATHS = "\"App Store Animation/Preview Content\"";
				ENABLE_PREVIEWS = YES;
				INFOPLIST_FILE = "App Store Animation/Info.plist";
				IPHONEOS_DEPLOYMENT_TARGET = 14.0;
				LD_RUNPATH_SEARCH_PATHS = (
					"$(inherited)",
					"@executable_path/Frameworks",
				);
				PRODUCT_BUNDLE_IDENTIFIER = "com.tefusakipuita.App-Store-Animation";
				PRODUCT_NAME = "$(TARGET_NAME)";
				SWIFT_VERSION = 5.0;
				TARGETED_DEVICE_FAMILY = "1,2";
			};
			name = Release;
		};
/* End XCBuildConfiguration section */

/* Begin XCConfigurationList section */
		EEA4FAD125681DCF0018D2E7 /* Build configuration list for PBXProject "App Store Animation" */ = {
			isa = XCConfigurationList;
			buildConfigurations = (
				EEA4FAE325681DD10018D2E7 /* Debug */,
				EEA4FAE425681DD10018D2E7 /* Release */,
			);
			defaultConfigurationIsVisible = 0;
			defaultConfigurationName = Release;
		};
		EEA4FAE525681DD10018D2E7 /* Build configuration list for PBXNativeTarget "App Store Animation" */ = {
			isa = XCConfigurationList;
			buildConfigurations = (
				EEA4FAE625681DD10018D2E7 /* Debug */,
				EEA4FAE725681DD10018D2E7 /* Release */,
			);
			defaultConfigurationIsVisible = 0;
			defaultConfigurationName = Release;
		};
/* End XCConfigurationList section */
	};
	rootObject = EEA4FACE25681DCF0018D2E7 /* Project object */;
}
